// !$*UTF8*$!
{
	archiveVersion = 1;
	classes = {
	};
	objectVersion = 77;
	objects = {

/* Begin PBXContainerItemProxy section */
		8AA2BF722CE0E8C700B5FE37 /* PBXContainerItemProxy */ = {
			isa = PBXContainerItemProxy;
			containerPortal = 8AA2BF572CE0E8C400B5FE37 /* Project object */;
			proxyType = 1;
			remoteGlobalIDString = 8AA2BF5E2CE0E8C400B5FE37;
			remoteInfo = anythingAlarmProject;
		};
		8AA2BF7C2CE0E8C700B5FE37 /* PBXContainerItemProxy */ = {
			isa = PBXContainerItemProxy;
			containerPortal = 8AA2BF572CE0E8C400B5FE37 /* Project object */;
			proxyType = 1;
			remoteGlobalIDString = 8AA2BF5E2CE0E8C400B5FE37;
			remoteInfo = anythingAlarmProject;
		};
/* End PBXContainerItemProxy section */

/* Begin PBXFileReference section */
		8AA2BF5F2CE0E8C400B5FE37 /* anythingAlarmProject.app */ = {isa = PBXFileReference; explicitFileType = wrapper.application; includeInIndex = 0; path = anythingAlarmProject.app; sourceTree = BUILT_PRODUCTS_DIR; };
		8AA2BF712CE0E8C700B5FE37 /* anythingAlarmProjectTests.xctest */ = {isa = PBXFileReference; explicitFileType = wrapper.cfbundle; includeInIndex = 0; path = anythingAlarmProjectTests.xctest; sourceTree = BUILT_PRODUCTS_DIR; };
		8AA2BF7B2CE0E8C700B5FE37 /* anythingAlarmProjectUITests.xctest */ = {isa = PBXFileReference; explicitFileType = wrapper.cfbundle; includeInIndex = 0; path = anythingAlarmProjectUITests.xctest; sourceTree = BUILT_PRODUCTS_DIR; };
/* End PBXFileReference section */

/* Begin PBXFileSystemSynchronizedRootGroup section */
		8AA2BF612CE0E8C400B5FE37 /* anythingAlarmProject */ = {
			isa = PBXFileSystemSynchronizedRootGroup;
			path = anythingAlarmProject;
			sourceTree = "<group>";
		};
		8AA2BF742CE0E8C700B5FE37 /* anythingAlarmProjectTests */ = {
			isa = PBXFileSystemSynchronizedRootGroup;
			path = anythingAlarmProjectTests;
			sourceTree = "<group>";
		};
		8AA2BF7E2CE0E8C700B5FE37 /* anythingAlarmProjectUITests */ = {
			isa = PBXFileSystemSynchronizedRootGroup;
			path = anythingAlarmProjectUITests;
			sourceTree = "<group>";
		};
/* End PBXFileSystemSynchronizedRootGroup section */

/* Begin PBXFrameworksBuildPhase section */
		8AA2BF5C2CE0E8C400B5FE37 /* Frameworks */ = {
			isa = PBXFrameworksBuildPhase;
			buildActionMask = 2147483647;
			files = (
			);
			runOnlyForDeploymentPostprocessing = 0;
		};
		8AA2BF6E2CE0E8C700B5FE37 /* Frameworks */ = {
			isa = PBXFrameworksBuildPhase;
			buildActionMask = 2147483647;
			files = (
			);
			runOnlyForDeploymentPostprocessing = 0;
		};
		8AA2BF782CE0E8C700B5FE37 /* Frameworks */ = {
			isa = PBXFrameworksBuildPhase;
			buildActionMask = 2147483647;
			files = (
			);
			runOnlyForDeploymentPostprocessing = 0;
		};
/* End PBXFrameworksBuildPhase section */

/* Begin PBXGroup section */
		8AA2BF562CE0E8C400B5FE37 = {
			isa = PBXGroup;
			children = (
				8AA2BF612CE0E8C400B5FE37 /* anythingAlarmProject */,
				8AA2BF742CE0E8C700B5FE37 /* anythingAlarmProjectTests */,
				8AA2BF7E2CE0E8C700B5FE37 /* anythingAlarmProjectUITests */,
				8AA2BF602CE0E8C400B5FE37 /* Products */,
			);
			sourceTree = "<group>";
		};
		8AA2BF602CE0E8C400B5FE37 /* Products */ = {
			isa = PBXGroup;
			children = (
				8AA2BF5F2CE0E8C400B5FE37 /* anythingAlarmProject.app */,
				8AA2BF712CE0E8C700B5FE37 /* anythingAlarmProjectTests.xctest */,
				8AA2BF7B2CE0E8C700B5FE37 /* anythingAlarmProjectUITests.xctest */,
			);
			name = Products;
			sourceTree = "<group>";
		};
/* End PBXGroup section */

/* Begin PBXNativeTarget section */
		8AA2BF5E2CE0E8C400B5FE37 /* anythingAlarmProject */ = {
			isa = PBXNativeTarget;
			buildConfigurationList = 8AA2BF852CE0E8C700B5FE37 /* Build configuration list for PBXNativeTarget "anythingAlarmProject" */;
			buildPhases = (
				8AA2BF5B2CE0E8C400B5FE37 /* Sources */,
				8AA2BF5C2CE0E8C400B5FE37 /* Frameworks */,
				8AA2BF5D2CE0E8C400B5FE37 /* Resources */,
			);
			buildRules = (
			);
			dependencies = (
			);
			fileSystemSynchronizedGroups = (
				8AA2BF612CE0E8C400B5FE37 /* anythingAlarmProject */,
			);
			name = anythingAlarmProject;
			packageProductDependencies = (
			);
			productName = anythingAlarmProject;
			productReference = 8AA2BF5F2CE0E8C400B5FE37 /* anythingAlarmProject.app */;
			productType = "com.apple.product-type.application";
		};
		8AA2BF702CE0E8C700B5FE37 /* anythingAlarmProjectTests */ = {
			isa = PBXNativeTarget;
			buildConfigurationList = 8AA2BF882CE0E8C700B5FE37 /* Build configuration list for PBXNativeTarget "anythingAlarmProjectTests" */;
			buildPhases = (
				8AA2BF6D2CE0E8C700B5FE37 /* Sources */,
				8AA2BF6E2CE0E8C700B5FE37 /* Frameworks */,
				8AA2BF6F2CE0E8C700B5FE37 /* Resources */,
			);
			buildRules = (
			);
			dependencies = (
				8AA2BF732CE0E8C700B5FE37 /* PBXTargetDependency */,
			);
			fileSystemSynchronizedGroups = (
				8AA2BF742CE0E8C700B5FE37 /* anythingAlarmProjectTests */,
			);
			name = anythingAlarmProjectTests;
			packageProductDependencies = (
			);
			productName = anythingAlarmProjectTests;
			productReference = 8AA2BF712CE0E8C700B5FE37 /* anythingAlarmProjectTests.xctest */;
			productType = "com.apple.product-type.bundle.unit-test";
		};
		8AA2BF7A2CE0E8C700B5FE37 /* anythingAlarmProjectUITests */ = {
			isa = PBXNativeTarget;
			buildConfigurationList = 8AA2BF8B2CE0E8C700B5FE37 /* Build configuration list for PBXNativeTarget "anythingAlarmProjectUITests" */;
			buildPhases = (
				8AA2BF772CE0E8C700B5FE37 /* Sources */,
				8AA2BF782CE0E8C700B5FE37 /* Frameworks */,
				8AA2BF792CE0E8C700B5FE37 /* Resources */,
			);
			buildRules = (
			);
			dependencies = (
				8AA2BF7D2CE0E8C700B5FE37 /* PBXTargetDependency */,
			);
			fileSystemSynchronizedGroups = (
				8AA2BF7E2CE0E8C700B5FE37 /* anythingAlarmProjectUITests */,
			);
			name = anythingAlarmProjectUITests;
			packageProductDependencies = (
			);
			productName = anythingAlarmProjectUITests;
			productReference = 8AA2BF7B2CE0E8C700B5FE37 /* anythingAlarmProjectUITests.xctest */;
			productType = "com.apple.product-type.bundle.ui-testing";
		};
/* End PBXNativeTarget section */

/* Begin PBXProject section */
		8AA2BF572CE0E8C400B5FE37 /* Project object */ = {
			isa = PBXProject;
			attributes = {
				BuildIndependentTargetsInParallel = 1;
				LastSwiftUpdateCheck = 1610;
				LastUpgradeCheck = 1610;
				TargetAttributes = {
					8AA2BF5E2CE0E8C400B5FE37 = {
						CreatedOnToolsVersion = 16.1;
					};
					8AA2BF702CE0E8C700B5FE37 = {
						CreatedOnToolsVersion = 16.1;
						TestTargetID = 8AA2BF5E2CE0E8C400B5FE37;
					};
					8AA2BF7A2CE0E8C700B5FE37 = {
						CreatedOnToolsVersion = 16.1;
						TestTargetID = 8AA2BF5E2CE0E8C400B5FE37;
					};
				};
			};
			buildConfigurationList = 8AA2BF5A2CE0E8C400B5FE37 /* Build configuration list for PBXProject "anythingAlarmProject" */;
			developmentRegion = en;
			hasScannedForEncodings = 0;
			knownRegions = (
				en,
				Base,
			);
			mainGroup = 8AA2BF562CE0E8C400B5FE37;
			minimizedProjectReferenceProxies = 1;
			preferredProjectObjectVersion = 77;
			productRefGroup = 8AA2BF602CE0E8C400B5FE37 /* Products */;
			projectDirPath = "";
			projectRoot = "";
			targets = (
				8AA2BF5E2CE0E8C400B5FE37 /* anythingAlarmProject */,
				8AA2BF702CE0E8C700B5FE37 /* anythingAlarmProjectTests */,
				8AA2BF7A2CE0E8C700B5FE37 /* anythingAlarmProjectUITests */,
			);
		};
/* End PBXProject section */

/* Begin PBXResourcesBuildPhase section */
		8AA2BF5D2CE0E8C400B5FE37 /* Resources */ = {
			isa = PBXResourcesBuildPhase;
			buildActionMask = 2147483647;
			files = (
			);
			runOnlyForDeploymentPostprocessing = 0;
		};
		8AA2BF6F2CE0E8C700B5FE37 /* Resources */ = {
			isa = PBXResourcesBuildPhase;
			buildActionMask = 2147483647;
			files = (
			);
			runOnlyForDeploymentPostprocessing = 0;
		};
		8AA2BF792CE0E8C700B5FE37 /* Resources */ = {
			isa = PBXResourcesBuildPhase;
			buildActionMask = 2147483647;
			files = (
			);
			runOnlyForDeploymentPostprocessing = 0;
		};
/* End PBXResourcesBuildPhase section */

/* Begin PBXSourcesBuildPhase section */
		8AA2BF5B2CE0E8C400B5FE37 /* Sources */ = {
			isa = PBXSourcesBuildPhase;
			buildActionMask = 2147483647;
			files = (
			);
			runOnlyForDeploymentPostprocessing = 0;
		};
		8AA2BF6D2CE0E8C700B5FE37 /* Sources */ = {
			isa = PBXSourcesBuildPhase;
			buildActionMask = 2147483647;
			files = (
			);
			runOnlyForDeploymentPostprocessing = 0;
		};
		8AA2BF772CE0E8C700B5FE37 /* Sources */ = {
			isa = PBXSourcesBuildPhase;
			buildActionMask = 2147483647;
			files = (
			);
			runOnlyForDeploymentPostprocessing = 0;
		};
/* End PBXSourcesBuildPhase section */

/* Begin PBXTargetDependency section */
		8AA2BF732CE0E8C700B5FE37 /* PBXTargetDependency */ = {
			isa = PBXTargetDependency;
			target = 8AA2BF5E2CE0E8C400B5FE37 /* anythingAlarmProject */;
			targetProxy = 8AA2BF722CE0E8C700B5FE37 /* PBXContainerItemProxy */;
		};
		8AA2BF7D2CE0E8C700B5FE37 /* PBXTargetDependency */ = {
			isa = PBXTargetDependency;
			target = 8AA2BF5E2CE0E8C400B5FE37 /* anythingAlarmProject */;
			targetProxy = 8AA2BF7C2CE0E8C700B5FE37 /* PBXContainerItemProxy */;
		};
/* End PBXTargetDependency section */

/* Begin XCBuildConfiguration section */
		8AA2BF832CE0E8C700B5FE37 /* Debug */ = {
			isa = XCBuildConfiguration;
			buildSettings = {
				ALWAYS_SEARCH_USER_PATHS = NO;
				ASSETCATALOG_COMPILER_GENERATE_SWIFT_ASSET_SYMBOL_EXTENSIONS = YES;
				CLANG_ANALYZER_NONNULL = YES;
				CLANG_ANALYZER_NUMBER_OBJECT_CONVERSION = YES_AGGRESSIVE;
				CLANG_CXX_LANGUAGE_STANDARD = "gnu++20";
				CLANG_ENABLE_MODULES = YES;
				CLANG_ENABLE_OBJC_ARC = YES;
				CLANG_ENABLE_OBJC_WEAK = YES;
				CLANG_WARN_BLOCK_CAPTURE_AUTORELEASING = YES;
				CLANG_WARN_BOOL_CONVERSION = YES;
				CLANG_WARN_COMMA = YES;
				CLANG_WARN_CONSTANT_CONVERSION = YES;
				CLANG_WARN_DEPRECATED_OBJC_IMPLEMENTATIONS = YES;
				CLANG_WARN_DIRECT_OBJC_ISA_USAGE = YES_ERROR;
				CLANG_WARN_DOCUMENTATION_COMMENTS = YES;
				CLANG_WARN_EMPTY_BODY = YES;
				CLANG_WARN_ENUM_CONVERSION = YES;
				CLANG_WARN_INFINITE_RECURSION = YES;
				CLANG_WARN_INT_CONVERSION = YES;
				CLANG_WARN_NON_LITERAL_NULL_CONVERSION = YES;
				CLANG_WARN_OBJC_IMPLICIT_RETAIN_SELF = YES;
				CLANG_WARN_OBJC_LITERAL_CONVERSION = YES;
				CLANG_WARN_OBJC_ROOT_CLASS = YES_ERROR;
				CLANG_WARN_QUOTED_INCLUDE_IN_FRAMEWORK_HEADER = YES;
				CLANG_WARN_RANGE_LOOP_ANALYSIS = YES;
				CLANG_WARN_STRICT_PROTOTYPES = YES;
				CLANG_WARN_SUSPICIOUS_MOVE = YES;
				CLANG_WARN_UNGUARDED_AVAILABILITY = YES_AGGRESSIVE;
				CLANG_WARN_UNREACHABLE_CODE = YES;
				CLANG_WARN__DUPLICATE_METHOD_MATCH = YES;
				COPY_PHASE_STRIP = NO;
				DEBUG_INFORMATION_FORMAT = dwarf;
				ENABLE_STRICT_OBJC_MSGSEND = YES;
				ENABLE_TESTABILITY = YES;
				ENABLE_USER_SCRIPT_SANDBOXING = YES;
				GCC_C_LANGUAGE_STANDARD = gnu17;
				GCC_DYNAMIC_NO_PIC = NO;
				GCC_NO_COMMON_BLOCKS = YES;
				GCC_OPTIMIZATION_LEVEL = 0;
				GCC_PREPROCESSOR_DEFINITIONS = (
					"DEBUG=1",
					"$(inherited)",
				);
				GCC_WARN_64_TO_32_BIT_CONVERSION = YES;
				GCC_WARN_ABOUT_RETURN_TYPE = YES_ERROR;
				GCC_WARN_UNDECLARED_SELECTOR = YES;
				GCC_WARN_UNINITIALIZED_AUTOS = YES_AGGRESSIVE;
				GCC_WARN_UNUSED_FUNCTION = YES;
				GCC_WARN_UNUSED_VARIABLE = YES;
				IPHONEOS_DEPLOYMENT_TARGET = 18.1;
				LOCALIZATION_PREFERS_STRING_CATALOGS = YES;
				MTL_ENABLE_DEBUG_INFO = INCLUDE_SOURCE;
				MTL_FAST_MATH = YES;
				ONLY_ACTIVE_ARCH = YES;
				SDKROOT = iphoneos;
				SWIFT_ACTIVE_COMPILATION_CONDITIONS = "DEBUG $(inherited)";
				SWIFT_OPTIMIZATION_LEVEL = "-Onone";
			};
			name = Debug;
		};
		8AA2BF842CE0E8C700B5FE37 /* Release */ = {
			isa = XCBuildConfiguration;
			buildSettings = {
				ALWAYS_SEARCH_USER_PATHS = NO;
				ASSETCATALOG_COMPILER_GENERATE_SWIFT_ASSET_SYMBOL_EXTENSIONS = YES;
				CLANG_ANALYZER_NONNULL = YES;
				CLANG_ANALYZER_NUMBER_OBJECT_CONVERSION = YES_AGGRESSIVE;
				CLANG_CXX_LANGUAGE_STANDARD = "gnu++20";
				CLANG_ENABLE_MODULES = YES;
				CLANG_ENABLE_OBJC_ARC = YES;
				CLANG_ENABLE_OBJC_WEAK = YES;
				CLANG_WARN_BLOCK_CAPTURE_AUTORELEASING = YES;
				CLANG_WARN_BOOL_CONVERSION = YES;
				CLANG_WARN_COMMA = YES;
				CLANG_WARN_CONSTANT_CONVERSION = YES;
				CLANG_WARN_DEPRECATED_OBJC_IMPLEMENTATIONS = YES;
				CLANG_WARN_DIRECT_OBJC_ISA_USAGE = YES_ERROR;
				CLANG_WARN_DOCUMENTATION_COMMENTS = YES;
				CLANG_WARN_EMPTY_BODY = YES;
				CLANG_WARN_ENUM_CONVERSION = YES;
				CLANG_WARN_INFINITE_RECURSION = YES;
				CLANG_WARN_INT_CONVERSION = YES;
				CLANG_WARN_NON_LITERAL_NULL_CONVERSION = YES;
				CLANG_WARN_OBJC_IMPLICIT_RETAIN_SELF = YES;
				CLANG_WARN_OBJC_LITERAL_CONVERSION = YES;
				CLANG_WARN_OBJC_ROOT_CLASS = YES_ERROR;
				CLANG_WARN_QUOTED_INCLUDE_IN_FRAMEWORK_HEADER = YES;
				CLANG_WARN_RANGE_LOOP_ANALYSIS = YES;
				CLANG_WARN_STRICT_PROTOTYPES = YES;
				CLANG_WARN_SUSPICIOUS_MOVE = YES;
				CLANG_WARN_UNGUARDED_AVAILABILITY = YES_AGGRESSIVE;
				CLANG_WARN_UNREACHABLE_CODE = YES;
				CLANG_WARN__DUPLICATE_METHOD_MATCH = YES;
				COPY_PHASE_STRIP = NO;
				DEBUG_INFORMATION_FORMAT = "dwarf-with-dsym";
				ENABLE_NS_ASSERTIONS = NO;
				ENABLE_STRICT_OBJC_MSGSEND = YES;
				ENABLE_USER_SCRIPT_SANDBOXING = YES;
				GCC_C_LANGUAGE_STANDARD = gnu17;
				GCC_NO_COMMON_BLOCKS = YES;
				GCC_WARN_64_TO_32_BIT_CONVERSION = YES;
				GCC_WARN_ABOUT_RETURN_TYPE = YES_ERROR;
				GCC_WARN_UNDECLARED_SELECTOR = YES;
				GCC_WARN_UNINITIALIZED_AUTOS = YES_AGGRESSIVE;
				GCC_WARN_UNUSED_FUNCTION = YES;
				GCC_WARN_UNUSED_VARIABLE = YES;
				IPHONEOS_DEPLOYMENT_TARGET = 18.1;
				LOCALIZATION_PREFERS_STRING_CATALOGS = YES;
				MTL_ENABLE_DEBUG_INFO = NO;
				MTL_FAST_MATH = YES;
				SDKROOT = iphoneos;
				SWIFT_COMPILATION_MODE = wholemodule;
				VALIDATE_PRODUCT = YES;
			};
			name = Release;
		};
		8AA2BF862CE0E8C700B5FE37 /* Debug */ = {
			isa = XCBuildConfiguration;
			buildSettings = {
				ASSETCATALOG_COMPILER_APPICON_NAME = AppIcon;
				ASSETCATALOG_COMPILER_GLOBAL_ACCENT_COLOR_NAME = AccentColor;
				CODE_SIGN_IDENTITY = "Apple Development";
				CODE_SIGN_STYLE = Automatic;
				CURRENT_PROJECT_VERSION = 0;
				DEVELOPMENT_ASSET_PATHS = "\"anythingAlarmProject/Preview Content\"";
				DEVELOPMENT_TEAM = B9XX66H8T7;
				ENABLE_PREVIEWS = YES;
				GENERATE_INFOPLIST_FILE = YES;
				INFOPLIST_KEY_CFBundleDisplayName = "なんでもプッシュ通知";
				INFOPLIST_KEY_UIApplicationSceneManifest_Generation = YES;
				INFOPLIST_KEY_UIApplicationSupportsIndirectInputEvents = YES;
				INFOPLIST_KEY_UILaunchScreen_Generation = YES;
				INFOPLIST_KEY_UISupportedInterfaceOrientations_iPad = "UIInterfaceOrientationPortrait UIInterfaceOrientationPortraitUpsideDown UIInterfaceOrientationLandscapeLeft UIInterfaceOrientationLandscapeRight";
				INFOPLIST_KEY_UISupportedInterfaceOrientations_iPhone = "UIInterfaceOrientationPortrait UIInterfaceOrientationLandscapeLeft UIInterfaceOrientationLandscapeRight";
				LD_RUNPATH_SEARCH_PATHS = (
					"$(inherited)",
					"@executable_path/Frameworks",
				);
				MARKETING_VERSION = 1.2;
				PRODUCT_BUNDLE_IDENTIFIER = com.riemin420.anythingAlarmProject;
				PRODUCT_NAME = "$(TARGET_NAME)";
				PROVISIONING_PROFILE_SPECIFIER = "";
				SWIFT_EMIT_LOC_STRINGS = YES;
				SWIFT_VERSION = 5.0;
				TARGETED_DEVICE_FAMILY = "1,2";
			};
			name = Debug;
		};
		8AA2BF872CE0E8C700B5FE37 /* Release */ = {
			isa = XCBuildConfiguration;
			buildSettings = {
				ASSETCATALOG_COMPILER_APPICON_NAME = AppIcon;
				ASSETCATALOG_COMPILER_GLOBAL_ACCENT_COLOR_NAME = AccentColor;
				CODE_SIGN_IDENTITY = "Apple Development";
				CODE_SIGN_STYLE = Automatic;
				CURRENT_PROJECT_VERSION = 0;
				DEVELOPMENT_ASSET_PATHS = "\"anythingAlarmProject/Preview Content\"";
				DEVELOPMENT_TEAM = B9XX66H8T7;
				ENABLE_PREVIEWS = YES;
				GENERATE_INFOPLIST_FILE = YES;
				INFOPLIST_KEY_CFBundleDisplayName = "なんでもプッシュ通知";
				INFOPLIST_KEY_UIApplicationSceneManifest_Generation = YES;
				INFOPLIST_KEY_UIApplicationSupportsIndirectInputEvents = YES;
				INFOPLIST_KEY_UILaunchScreen_Generation = YES;
				INFOPLIST_KEY_UISupportedInterfaceOrientations_iPad = "UIInterfaceOrientationPortrait UIInterfaceOrientationPortraitUpsideDown UIInterfaceOrientationLandscapeLeft UIInterfaceOrientationLandscapeRight";
				INFOPLIST_KEY_UISupportedInterfaceOrientations_iPhone = "UIInterfaceOrientationPortrait UIInterfaceOrientationLandscapeLeft UIInterfaceOrientationLandscapeRight";
				LD_RUNPATH_SEARCH_PATHS = (
					"$(inherited)",
					"@executable_path/Frameworks",
				);
				MARKETING_VERSION = 1.2;
				PRODUCT_BUNDLE_IDENTIFIER = com.riemin420.anythingAlarmProject;
				PRODUCT_NAME = "$(TARGET_NAME)";
				PROVISIONING_PROFILE_SPECIFIER = "";
				SWIFT_EMIT_LOC_STRINGS = YES;
				SWIFT_VERSION = 5.0;
				TARGETED_DEVICE_FAMILY = "1,2";
			};
			name = Release;
		};
		8AA2BF892CE0E8C700B5FE37 /* Debug */ = {
			isa = XCBuildConfiguration;
			buildSettings = {
				BUNDLE_LOADER = "$(TEST_HOST)";
				CODE_SIGN_STYLE = Automatic;
				CURRENT_PROJECT_VERSION = 1;
				DEVELOPMENT_TEAM = B9XX66H8T7;
				GENERATE_INFOPLIST_FILE = YES;
				IPHONEOS_DEPLOYMENT_TARGET = 18.1;
				MARKETING_VERSION = 1.0;
				PRODUCT_BUNDLE_IDENTIFIER = com.riemin420.anythingAlarmProjectTests;
				PRODUCT_NAME = "$(TARGET_NAME)";
				SWIFT_EMIT_LOC_STRINGS = NO;
				SWIFT_VERSION = 5.0;
				TARGETED_DEVICE_FAMILY = "1,2";
				TEST_HOST = "$(BUILT_PRODUCTS_DIR)/anythingAlarmProject.app/$(BUNDLE_EXECUTABLE_FOLDER_PATH)/anythingAlarmProject";
			};
			name = Debug;
		};
		8AA2BF8A2CE0E8C700B5FE37 /* Release */ = {
			isa = XCBuildConfiguration;
			buildSettings = {
				BUNDLE_LOADER = "$(TEST_HOST)";
				CODE_SIGN_STYLE = Automatic;
				CURRENT_PROJECT_VERSION = 1;
				DEVELOPMENT_TEAM = B9XX66H8T7;
				GENERATE_INFOPLIST_FILE = YES;
				IPHONEOS_DEPLOYMENT_TARGET = 18.1;
				MARKETING_VERSION = 1.0;
				PRODUCT_BUNDLE_IDENTIFIER = com.riemin420.anythingAlarmProjectTests;
				PRODUCT_NAME = "$(TARGET_NAME)";
				SWIFT_EMIT_LOC_STRINGS = NO;
				SWIFT_VERSION = 5.0;
				TARGETED_DEVICE_FAMILY = "1,2";
				TEST_HOST = "$(BUILT_PRODUCTS_DIR)/anythingAlarmProject.app/$(BUNDLE_EXECUTABLE_FOLDER_PATH)/anythingAlarmProject";
			};
			name = Release;
		};
		8AA2BF8C2CE0E8C700B5FE37 /* Debug */ = {
			isa = XCBuildConfiguration;
			buildSettings = {
				CODE_SIGN_STYLE = Automatic;
				CURRENT_PROJECT_VERSION = 1;
				DEVELOPMENT_TEAM = B9XX66H8T7;
				GENERATE_INFOPLIST_FILE = YES;
				MARKETING_VERSION = 1.0;
				PRODUCT_BUNDLE_IDENTIFIER = com.riemin420.anythingAlarmProjectUITests;
				PRODUCT_NAME = "$(TARGET_NAME)";
				SWIFT_EMIT_LOC_STRINGS = NO;
				SWIFT_VERSION = 5.0;
				TARGETED_DEVICE_FAMILY = "1,2";
				TEST_TARGET_NAME = anythingAlarmProject;
			};
			name = Debug;
		};
		8AA2BF8D2CE0E8C700B5FE37 /* Release */ = {
			isa = XCBuildConfiguration;
			buildSettings = {
				CODE_SIGN_STYLE = Automatic;
				CURRENT_PROJECT_VERSION = 1;
				DEVELOPMENT_TEAM = B9XX66H8T7;
				GENERATE_INFOPLIST_FILE = YES;
				MARKETING_VERSION = 1.0;
				PRODUCT_BUNDLE_IDENTIFIER = com.riemin420.anythingAlarmProjectUITests;
				PRODUCT_NAME = "$(TARGET_NAME)";
				SWIFT_EMIT_LOC_STRINGS = NO;
				SWIFT_VERSION = 5.0;
				TARGETED_DEVICE_FAMILY = "1,2";
				TEST_TARGET_NAME = anythingAlarmProject;
			};
			name = Release;
		};
/* End XCBuildConfiguration section */

/* Begin XCConfigurationList section */
		8AA2BF5A2CE0E8C400B5FE37 /* Build configuration list for PBXProject "anythingAlarmProject" */ = {
			isa = XCConfigurationList;
			buildConfigurations = (
				8AA2BF832CE0E8C700B5FE37 /* Debug */,
				8AA2BF842CE0E8C700B5FE37 /* Release */,
			);
			defaultConfigurationIsVisible = 0;
			defaultConfigurationName = Release;
		};
		8AA2BF852CE0E8C700B5FE37 /* Build configuration list for PBXNativeTarget "anythingAlarmProject" */ = {
			isa = XCConfigurationList;
			buildConfigurations = (
				8AA2BF862CE0E8C700B5FE37 /* Debug */,
				8AA2BF872CE0E8C700B5FE37 /* Release */,
			);
			defaultConfigurationIsVisible = 0;
			defaultConfigurationName = Release;
		};
		8AA2BF882CE0E8C700B5FE37 /* Build configuration list for PBXNativeTarget "anythingAlarmProjectTests" */ = {
			isa = XCConfigurationList;
			buildConfigurations = (
				8AA2BF892CE0E8C700B5FE37 /* Debug */,
				8AA2BF8A2CE0E8C700B5FE37 /* Release */,
			);
			defaultConfigurationIsVisible = 0;
			defaultConfigurationName = Release;
		};
		8AA2BF8B2CE0E8C700B5FE37 /* Build configuration list for PBXNativeTarget "anythingAlarmProjectUITests" */ = {
			isa = XCConfigurationList;
			buildConfigurations = (
				8AA2BF8C2CE0E8C700B5FE37 /* Debug */,
				8AA2BF8D2CE0E8C700B5FE37 /* Release */,
			);
			defaultConfigurationIsVisible = 0;
			defaultConfigurationName = Release;
		};
/* End XCConfigurationList section */
	};
	rootObject = 8AA2BF572CE0E8C400B5FE37 /* Project object */;
}
